
Microsoft Visual Studio Solution File, Format Version 12.00
# Blend for Visual Studio Version 16
VisualStudioVersion = 16.0.29728.190
MinimumVisualStudioVersion = 10.0.40219.1
Project("{FAE04EC0-301F-11D3-BF4B-00C04F79EFBC}") = "button", "button\button.csproj", "{894D2F83-2154-4A0D-B138-039CFAADC0BE}"
EndProject
Global
	GlobalSection(SolutionConfigurationPlatforms) = preSolution
		Debug|Any CPU = Debug|Any CPU
		Release|Any CPU = Release|Any CPU
	EndGlobalSection
	GlobalSection(ProjectConfigurationPlatforms) = postSolution
		{894D2F83-2154-4A0D-B138-039CFAADC0BE}.Debug|Any CPU.ActiveCfg = Debug|Any CPU
		{894D2F83-2154-4A0D-B138-039CFAADC0BE}.Debug|Any CPU.Build.0 = Debug|Any CPU
		{894D2F83-2154-4A0D-B138-039CFAADC0BE}.Release|Any CPU.ActiveCfg = Release|Any CPU
		{894D2F83-2154-4A0D-B138-039CFAADC0BE}.Release|Any CPU.Build.0 = Release|Any CPU
	EndGlobalSection
	GlobalSection(SolutionProperties) = preSolution
		HideSolutionNode = FALSE
	EndGlobalSection
	GlobalSection(ExtensibilityGlobals) = postSolution
		SolutionGuid = {12379DBE-2E42-4310-86C2-CC5692DB214F}
	EndGlobalSection
EndGlobal
